
Microsoft Visual Studio Solution File, Format Version 12.00
# Visual Studio Version 17
VisualStudioVersion = 17.11.35222.181
MinimumVisualStudioVersion = 10.0.40219.1
Project("{FAE04EC0-301F-11D3-BF4B-00C04F79EFBC}") = "ProyectLayout", "ProyectLayout\ProyectLayout.csproj", "{8AE2CAD1-45BD-4748-944E-EA263AEC844E}"
EndProject
Global
	GlobalSection(SolutionConfigurationPlatforms) = preSolution
		Debug|Any CPU = Debug|Any CPU
		Release|Any CPU = Release|Any CPU
	EndGlobalSection
	GlobalSection(ProjectConfigurationPlatforms) = postSolution
		{8AE2CAD1-45BD-4748-944E-EA263AEC844E}.Debug|Any CPU.ActiveCfg = Debug|Any CPU
		{8AE2CAD1-45BD-4748-944E-EA263AEC844E}.Debug|Any CPU.Build.0 = Debug|Any CPU
		{8AE2CAD1-45BD-4748-944E-EA263AEC844E}.Debug|Any CPU.Deploy.0 = Debug|Any CPU
		{8AE2CAD1-45BD-4748-944E-EA263AEC844E}.Release|Any CPU.ActiveCfg = Release|Any CPU
		{8AE2CAD1-45BD-4748-944E-EA263AEC844E}.Release|Any CPU.Build.0 = Release|Any CPU
		{8AE2CAD1-45BD-4748-944E-EA263AEC844E}.Release|Any CPU.Deploy.0 = Release|Any CPU
	EndGlobalSection
	GlobalSection(SolutionProperties) = preSolution
		HideSolutionNode = FALSE
	EndGlobalSection
	GlobalSection(ExtensibilityGlobals) = postSolution
		SolutionGuid = {3BE09AE3-CFAB-4D64-A500-860A09F8C1C9}
	EndGlobalSection
EndGlobal
